
Microsoft Visual Studio Solution File, Format Version 12.00
# Visual Studio Version 17
VisualStudioVersion = 17.2.32630.192
MinimumVisualStudioVersion = 10.0.40219.1
Project("{FAE04EC0-301F-11D3-BF4B-00C04F79EFBC}") = "FriendlyGames.API", "FriendlyGames.API.csproj", "{E7613CC6-C6BF-4EE3-BDB6-57BF26ECB31D}"
EndProject
Project("{FAE04EC0-301F-11D3-BF4B-00C04F79EFBC}") = "FriendlyGames.Domain", "..\FriendlyGames.Domain\FriendlyGames.Domain.csproj", "{B2ABBBD9-0F07-44FA-9B65-31E213386A63}"
EndProject
Project("{FAE04EC0-301F-11D3-BF4B-00C04F79EFBC}") = "FriendlyGames.DataAccess", "..\FriendlyGames.DataAccess\FriendlyGames.DataAccess.csproj", "{154BBDA0-789F-4CC7-8890-483737C43863}"
EndProject
Project("{FAE04EC0-301F-11D3-BF4B-00C04F79EFBC}") = "FriendlyGames.UnitTests", "..\FriendlyGames.UnitTests\FriendlyGames.UnitTests.csproj", "{F101170C-5618-45EF-B656-AF307AD3520C}"
EndProject
Global
	GlobalSection(SolutionConfigurationPlatforms) = preSolution
		Debug|Any CPU = Debug|Any CPU
		Release|Any CPU = Release|Any CPU
	EndGlobalSection
	GlobalSection(ProjectConfigurationPlatforms) = postSolution
		{E7613CC6-C6BF-4EE3-BDB6-57BF26ECB31D}.Debug|Any CPU.ActiveCfg = Debug|Any CPU
		{E7613CC6-C6BF-4EE3-BDB6-57BF26ECB31D}.Debug|Any CPU.Build.0 = Debug|Any CPU
		{E7613CC6-C6BF-4EE3-BDB6-57BF26ECB31D}.Release|Any CPU.ActiveCfg = Release|Any CPU
		{E7613CC6-C6BF-4EE3-BDB6-57BF26ECB31D}.Release|Any CPU.Build.0 = Release|Any CPU
		{B2ABBBD9-0F07-44FA-9B65-31E213386A63}.Debug|Any CPU.ActiveCfg = Debug|Any CPU
		{B2ABBBD9-0F07-44FA-9B65-31E213386A63}.Debug|Any CPU.Build.0 = Debug|Any CPU
		{B2ABBBD9-0F07-44FA-9B65-31E213386A63}.Release|Any CPU.ActiveCfg = Release|Any CPU
		{B2ABBBD9-0F07-44FA-9B65-31E213386A63}.Release|Any CPU.Build.0 = Release|Any CPU
		{154BBDA0-789F-4CC7-8890-483737C43863}.Debug|Any CPU.ActiveCfg = Debug|Any CPU
		{154BBDA0-789F-4CC7-8890-483737C43863}.Debug|Any CPU.Build.0 = Debug|Any CPU
		{154BBDA0-789F-4CC7-8890-483737C43863}.Release|Any CPU.ActiveCfg = Release|Any CPU
		{154BBDA0-789F-4CC7-8890-483737C43863}.Release|Any CPU.Build.0 = Release|Any CPU
		{F101170C-5618-45EF-B656-AF307AD3520C}.Debug|Any CPU.ActiveCfg = Debug|Any CPU
		{F101170C-5618-45EF-B656-AF307AD3520C}.Debug|Any CPU.Build.0 = Debug|Any CPU
		{F101170C-5618-45EF-B656-AF307AD3520C}.Release|Any CPU.ActiveCfg = Release|Any CPU
		{F101170C-5618-45EF-B656-AF307AD3520C}.Release|Any CPU.Build.0 = Release|Any CPU
	EndGlobalSection
	GlobalSection(SolutionProperties) = preSolution
		HideSolutionNode = FALSE
	EndGlobalSection
	GlobalSection(ExtensibilityGlobals) = postSolution
		SolutionGuid = {43B3C1E1-8D4D-41ED-89DC-A8C27559D53C}
	EndGlobalSection
EndGlobal
